
Microsoft Visual Studio Solution File, Format Version 12.00
# Visual Studio 15
VisualStudioVersion = 15.0.28010.2026
MinimumVisualStudioVersion = 10.0.40219.1
Project("{FAE04EC0-301F-11D3-BF4B-00C04F79EFBC}") = "Dasa.Laboratorios.Testes", "test\Dasa.Laboratorios.Dominio.Test\Dasa.Laboratorios.Testes.csproj", "{D040E065-EAB2-4701-B667-3310B315D171}"
EndProject
Project("{FAE04EC0-301F-11D3-BF4B-00C04F79EFBC}") = "Dasa.Laboratorios.Dominio", "src\Dasa.Laboratorios.Dominio\Dasa.Laboratorios.Dominio.csproj", "{F489C777-F928-4ADD-927F-B0D89C358E04}"
EndProject
Project("{FAE04EC0-301F-11D3-BF4B-00C04F79EFBC}") = "Dasa.Laboratorios.API", "src\Dasa.Laboratorios.API\Dasa.Laboratorios.API.csproj", "{C422D606-C7A4-443A-A036-2E0DDAFE40AA}"
EndProject
Project("{FAE04EC0-301F-11D3-BF4B-00C04F79EFBC}") = "Dasa.Laboratorios.Repositorio", "src\Dasa.Laboratorios.Repositorio\Dasa.Laboratorios.Repositorio.csproj", "{3CDB7500-5FA9-4E9D-BAF7-2E62ABCAB1B2}"
EndProject
Project("{FAE04EC0-301F-11D3-BF4B-00C04F79EFBC}") = "Dasa.Laboratorios.Shared", "src\Dasa.Laboratorios.Shared\Dasa.Laboratorios.Shared.csproj", "{BDCDEB01-E401-4D24-AB84-80B45CD98E7E}"
EndProject
Project("{FAE04EC0-301F-11D3-BF4B-00C04F79EFBC}") = "Dasa.Laboratorios.Ioc", "src\Dasa.Laboratorios.Ioc\Dasa.Laboratorios.Ioc.csproj", "{3808694A-5D59-46CA-990F-8210D8108CE9}"
EndProject
Global
	GlobalSection(SolutionConfigurationPlatforms) = preSolution
		Debug|Any CPU = Debug|Any CPU
		Release|Any CPU = Release|Any CPU
	EndGlobalSection
	GlobalSection(ProjectConfigurationPlatforms) = postSolution
		{D040E065-EAB2-4701-B667-3310B315D171}.Debug|Any CPU.ActiveCfg = Debug|Any CPU
		{D040E065-EAB2-4701-B667-3310B315D171}.Debug|Any CPU.Build.0 = Debug|Any CPU
		{D040E065-EAB2-4701-B667-3310B315D171}.Release|Any CPU.ActiveCfg = Release|Any CPU
		{D040E065-EAB2-4701-B667-3310B315D171}.Release|Any CPU.Build.0 = Release|Any CPU
		{F489C777-F928-4ADD-927F-B0D89C358E04}.Debug|Any CPU.ActiveCfg = Debug|Any CPU
		{F489C777-F928-4ADD-927F-B0D89C358E04}.Debug|Any CPU.Build.0 = Debug|Any CPU
		{F489C777-F928-4ADD-927F-B0D89C358E04}.Release|Any CPU.ActiveCfg = Release|Any CPU
		{F489C777-F928-4ADD-927F-B0D89C358E04}.Release|Any CPU.Build.0 = Release|Any CPU
		{C422D606-C7A4-443A-A036-2E0DDAFE40AA}.Debug|Any CPU.ActiveCfg = Debug|Any CPU
		{C422D606-C7A4-443A-A036-2E0DDAFE40AA}.Debug|Any CPU.Build.0 = Debug|Any CPU
		{C422D606-C7A4-443A-A036-2E0DDAFE40AA}.Release|Any CPU.ActiveCfg = Release|Any CPU
		{C422D606-C7A4-443A-A036-2E0DDAFE40AA}.Release|Any CPU.Build.0 = Release|Any CPU
		{3CDB7500-5FA9-4E9D-BAF7-2E62ABCAB1B2}.Debug|Any CPU.ActiveCfg = Debug|Any CPU
		{3CDB7500-5FA9-4E9D-BAF7-2E62ABCAB1B2}.Debug|Any CPU.Build.0 = Debug|Any CPU
		{3CDB7500-5FA9-4E9D-BAF7-2E62ABCAB1B2}.Release|Any CPU.ActiveCfg = Release|Any CPU
		{3CDB7500-5FA9-4E9D-BAF7-2E62ABCAB1B2}.Release|Any CPU.Build.0 = Release|Any CPU
		{BDCDEB01-E401-4D24-AB84-80B45CD98E7E}.Debug|Any CPU.ActiveCfg = Debug|Any CPU
		{BDCDEB01-E401-4D24-AB84-80B45CD98E7E}.Debug|Any CPU.Build.0 = Debug|Any CPU
		{BDCDEB01-E401-4D24-AB84-80B45CD98E7E}.Release|Any CPU.ActiveCfg = Release|Any CPU
		{BDCDEB01-E401-4D24-AB84-80B45CD98E7E}.Release|Any CPU.Build.0 = Release|Any CPU
		{3808694A-5D59-46CA-990F-8210D8108CE9}.Debug|Any CPU.ActiveCfg = Debug|Any CPU
		{3808694A-5D59-46CA-990F-8210D8108CE9}.Debug|Any CPU.Build.0 = Debug|Any CPU
		{3808694A-5D59-46CA-990F-8210D8108CE9}.Release|Any CPU.ActiveCfg = Release|Any CPU
		{3808694A-5D59-46CA-990F-8210D8108CE9}.Release|Any CPU.Build.0 = Release|Any CPU
	EndGlobalSection
	GlobalSection(SolutionProperties) = preSolution
		HideSolutionNode = FALSE
	EndGlobalSection
	GlobalSection(ExtensibilityGlobals) = postSolution
		SolutionGuid = {0E639D15-ABEF-48B3-9AC1-E12223B032FA}
	EndGlobalSection
EndGlobal
